
Microsoft Visual Studio Solution File, Format Version 12.00
# Visual Studio Version 17
VisualStudioVersion = 17.0.31919.166
MinimumVisualStudioVersion = 10.0.40219.1
Project("{FAE04EC0-301F-11D3-BF4B-00C04F79EFBC}") = "PatikaDevCodeFirst", "PatikaDevCodeFirst\PatikaDevCodeFirst.csproj", "{7A6DC2C4-8077-48B8-BC72-EE46A3CA05F0}"
EndProject
Global
	GlobalSection(SolutionConfigurationPlatforms) = preSolution
		Debug|Any CPU = Debug|Any CPU
		Release|Any CPU = Release|Any CPU
	EndGlobalSection
	GlobalSection(ProjectConfigurationPlatforms) = postSolution
		{7A6DC2C4-8077-48B8-BC72-EE46A3CA05F0}.Debug|Any CPU.ActiveCfg = Debug|Any CPU
		{7A6DC2C4-8077-48B8-BC72-EE46A3CA05F0}.Debug|Any CPU.Build.0 = Debug|Any CPU
		{7A6DC2C4-8077-48B8-BC72-EE46A3CA05F0}.Release|Any CPU.ActiveCfg = Release|Any CPU
		{7A6DC2C4-8077-48B8-BC72-EE46A3CA05F0}.Release|Any CPU.Build.0 = Release|Any CPU
	EndGlobalSection
	GlobalSection(SolutionProperties) = preSolution
		HideSolutionNode = FALSE
	EndGlobalSection
	GlobalSection(ExtensibilityGlobals) = postSolution
		SolutionGuid = {4DF6E18B-7A62-4A40-9F2D-A03ADE32F4D1}
	EndGlobalSection
EndGlobal
